
Microsoft Visual Studio Solution File, Format Version 12.00
# Visual Studio Version 16
VisualStudioVersion = 16.0.32630.194
MinimumVisualStudioVersion = 10.0.40219.1
Project("{FAE04EC0-301F-11D3-BF4B-00C04F79EFBC}") = "MinerdPruebaTecnica", "MinerdPruebaTecnica\MinerdPruebaTecnica.csproj", "{3F5DA018-5EDE-4128-A6F4-79ECFCD8E4C2}"
EndProject
Project("{FAE04EC0-301F-11D3-BF4B-00C04F79EFBC}") = "MinerdPruebaTecnicaData", "MinerdPruebaTecnicaData\MinerdPruebaTecnicaData.csproj", "{D8CE71F0-0223-4398-A29C-F10616D9DE26}"
EndProject
Project("{FAE04EC0-301F-11D3-BF4B-00C04F79EFBC}") = "MinerdPruebaTecnica.ViewModel", "MinerdPruebaTecnica.ViewModel\MinerdPruebaTecnica.ViewModel.csproj", "{AF6F8D72-31A6-42A0-9B60-F09885EE0EB6}"
EndProject
Project("{FAE04EC0-301F-11D3-BF4B-00C04F79EFBC}") = "MinerdPruebaTecnica.Utils", "MinerdPruebaTecnica.Utils\MinerdPruebaTecnica.Utils.csproj", "{DE5F6EAD-FFD0-4C51-B2A3-C274C8A298C8}"
EndProject
Project("{FAE04EC0-301F-11D3-BF4B-00C04F79EFBC}") = "MinerdPruebaTecnica.Models", "MinerdPruebaTecnica.Models\MinerdPruebaTecnica.Models.csproj", "{2A3898CD-3780-4386-9DD4-394754454519}"
EndProject
Global
	GlobalSection(SolutionConfigurationPlatforms) = preSolution
		Debug|Any CPU = Debug|Any CPU
		Release|Any CPU = Release|Any CPU
	EndGlobalSection
	GlobalSection(ProjectConfigurationPlatforms) = postSolution
		{3F5DA018-5EDE-4128-A6F4-79ECFCD8E4C2}.Debug|Any CPU.ActiveCfg = Debug|Any CPU
		{3F5DA018-5EDE-4128-A6F4-79ECFCD8E4C2}.Debug|Any CPU.Build.0 = Debug|Any CPU
		{3F5DA018-5EDE-4128-A6F4-79ECFCD8E4C2}.Release|Any CPU.ActiveCfg = Release|Any CPU
		{3F5DA018-5EDE-4128-A6F4-79ECFCD8E4C2}.Release|Any CPU.Build.0 = Release|Any CPU
		{D8CE71F0-0223-4398-A29C-F10616D9DE26}.Debug|Any CPU.ActiveCfg = Debug|Any CPU
		{D8CE71F0-0223-4398-A29C-F10616D9DE26}.Debug|Any CPU.Build.0 = Debug|Any CPU
		{D8CE71F0-0223-4398-A29C-F10616D9DE26}.Release|Any CPU.ActiveCfg = Release|Any CPU
		{D8CE71F0-0223-4398-A29C-F10616D9DE26}.Release|Any CPU.Build.0 = Release|Any CPU
		{AF6F8D72-31A6-42A0-9B60-F09885EE0EB6}.Debug|Any CPU.ActiveCfg = Debug|Any CPU
		{AF6F8D72-31A6-42A0-9B60-F09885EE0EB6}.Debug|Any CPU.Build.0 = Debug|Any CPU
		{AF6F8D72-31A6-42A0-9B60-F09885EE0EB6}.Release|Any CPU.ActiveCfg = Release|Any CPU
		{AF6F8D72-31A6-42A0-9B60-F09885EE0EB6}.Release|Any CPU.Build.0 = Release|Any CPU
		{DE5F6EAD-FFD0-4C51-B2A3-C274C8A298C8}.Debug|Any CPU.ActiveCfg = Debug|Any CPU
		{DE5F6EAD-FFD0-4C51-B2A3-C274C8A298C8}.Debug|Any CPU.Build.0 = Debug|Any CPU
		{DE5F6EAD-FFD0-4C51-B2A3-C274C8A298C8}.Release|Any CPU.ActiveCfg = Release|Any CPU
		{DE5F6EAD-FFD0-4C51-B2A3-C274C8A298C8}.Release|Any CPU.Build.0 = Release|Any CPU
		{2A3898CD-3780-4386-9DD4-394754454519}.Debug|Any CPU.ActiveCfg = Debug|Any CPU
		{2A3898CD-3780-4386-9DD4-394754454519}.Debug|Any CPU.Build.0 = Debug|Any CPU
		{2A3898CD-3780-4386-9DD4-394754454519}.Release|Any CPU.ActiveCfg = Release|Any CPU
		{2A3898CD-3780-4386-9DD4-394754454519}.Release|Any CPU.Build.0 = Release|Any CPU
	EndGlobalSection
	GlobalSection(SolutionProperties) = preSolution
		HideSolutionNode = FALSE
	EndGlobalSection
	GlobalSection(ExtensibilityGlobals) = postSolution
		SolutionGuid = {B19D9463-323D-4D76-A23E-B37EF8193BAB}
	EndGlobalSection
EndGlobal
